
Microsoft Visual Studio Solution File, Format Version 12.00
# Visual Studio Version 16
VisualStudioVersion = 16.0.33801.447
MinimumVisualStudioVersion = 10.0.40219.1
Project("{8BC9CEB8-8B4A-11D0-8D11-00A0C91BC942}") = "MHAC_H6G307_MHCC", "MHAC_H6G307_MHCC\MHAC_H6G307_MHCC.vcxproj", "{97AA25B3-F361-4289-BF31-769BCBC4EBA3}"
EndProject
Project("{8BC9CEB8-8B4A-11D0-8D11-00A0C91BC942}") = "Main", "Main\Main.vcxproj", "{7D0E38F2-A8CD-4BBC-A5AD-AB98B345F371}"
EndProject
Project("{8BC9CEB8-8B4A-11D0-8D11-00A0C91BC942}") = "PLC_IF", "PLC_IF\PLC_IF.vcxproj", "{FE234C6A-5785-42B1-80FA-EBB61E05B23B}"
EndProject
Project("{8BC9CEB8-8B4A-11D0-8D11-00A0C91BC942}") = "SIM", "SIM\SIM.vcxproj", "{C4A9AFB9-B4A3-4663-97DD-6F8B1E42B884}"
EndProject
Project("{8BC9CEB8-8B4A-11D0-8D11-00A0C91BC942}") = "LibSockAlpha", "LibSockAlpha\LibSockAlpha.vcxproj", "{0D276513-C07A-4C27-B701-76D80252CFD2}"
EndProject
Project("{8BC9CEB8-8B4A-11D0-8D11-00A0C91BC942}") = "OTE_IF", "OTE_IF\OTE_IF.vcxproj", "{124362FA-2022-46CA-8582-77A1490AE249}"
EndProject
Project("{8BC9CEB8-8B4A-11D0-8D11-00A0C91BC942}") = "LibMCProtocol", "LibMCProtocol\LibMCProtocol.vcxproj", "{4A1311AA-2930-4E2C-A569-AEB5B8A72163}"
EndProject
Project("{8BC9CEB8-8B4A-11D0-8D11-00A0C91BC942}") = "OTE0", "OTE0\OTE0.vcxproj", "{48BC5B5A-1B1A-49A8-951B-C804C9EA1FA8}"
EndProject
Global
	GlobalSection(SolutionConfigurationPlatforms) = preSolution
		Debug|x64 = Debug|x64
		Debug|x86 = Debug|x86
		Release|x64 = Release|x64
		Release|x86 = Release|x86
	EndGlobalSection
	GlobalSection(ProjectConfigurationPlatforms) = postSolution
		{97AA25B3-F361-4289-BF31-769BCBC4EBA3}.Debug|x64.ActiveCfg = Debug|x64
		{97AA25B3-F361-4289-BF31-769BCBC4EBA3}.Debug|x64.Build.0 = Debug|x64
		{97AA25B3-F361-4289-BF31-769BCBC4EBA3}.Debug|x86.ActiveCfg = Debug|Win32
		{97AA25B3-F361-4289-BF31-769BCBC4EBA3}.Debug|x86.Build.0 = Debug|Win32
		{97AA25B3-F361-4289-BF31-769BCBC4EBA3}.Release|x64.ActiveCfg = Release|x64
		{97AA25B3-F361-4289-BF31-769BCBC4EBA3}.Release|x64.Build.0 = Release|x64
		{97AA25B3-F361-4289-BF31-769BCBC4EBA3}.Release|x86.ActiveCfg = Release|Win32
		{97AA25B3-F361-4289-BF31-769BCBC4EBA3}.Release|x86.Build.0 = Release|Win32
		{7D0E38F2-A8CD-4BBC-A5AD-AB98B345F371}.Debug|x64.ActiveCfg = Debug|x64
		{7D0E38F2-A8CD-4BBC-A5AD-AB98B345F371}.Debug|x64.Build.0 = Debug|x64
		{7D0E38F2-A8CD-4BBC-A5AD-AB98B345F371}.Debug|x86.ActiveCfg = Debug|Win32
		{7D0E38F2-A8CD-4BBC-A5AD-AB98B345F371}.Debug|x86.Build.0 = Debug|Win32
		{7D0E38F2-A8CD-4BBC-A5AD-AB98B345F371}.Release|x64.ActiveCfg = Release|x64
		{7D0E38F2-A8CD-4BBC-A5AD-AB98B345F371}.Release|x64.Build.0 = Release|x64
		{7D0E38F2-A8CD-4BBC-A5AD-AB98B345F371}.Release|x86.ActiveCfg = Release|Win32
		{7D0E38F2-A8CD-4BBC-A5AD-AB98B345F371}.Release|x86.Build.0 = Release|Win32
		{FE234C6A-5785-42B1-80FA-EBB61E05B23B}.Debug|x64.ActiveCfg = Debug|x64
		{FE234C6A-5785-42B1-80FA-EBB61E05B23B}.Debug|x64.Build.0 = Debug|x64
		{FE234C6A-5785-42B1-80FA-EBB61E05B23B}.Debug|x86.ActiveCfg = Debug|Win32
		{FE234C6A-5785-42B1-80FA-EBB61E05B23B}.Debug|x86.Build.0 = Debug|Win32
		{FE234C6A-5785-42B1-80FA-EBB61E05B23B}.Release|x64.ActiveCfg = Release|x64
		{FE234C6A-5785-42B1-80FA-EBB61E05B23B}.Release|x64.Build.0 = Release|x64
		{FE234C6A-5785-42B1-80FA-EBB61E05B23B}.Release|x86.ActiveCfg = Release|Win32
		{FE234C6A-5785-42B1-80FA-EBB61E05B23B}.Release|x86.Build.0 = Release|Win32
		{C4A9AFB9-B4A3-4663-97DD-6F8B1E42B884}.Debug|x64.ActiveCfg = Debug|x64
		{C4A9AFB9-B4A3-4663-97DD-6F8B1E42B884}.Debug|x64.Build.0 = Debug|x64
		{C4A9AFB9-B4A3-4663-97DD-6F8B1E42B884}.Debug|x86.ActiveCfg = Debug|Win32
		{C4A9AFB9-B4A3-4663-97DD-6F8B1E42B884}.Debug|x86.Build.0 = Debug|Win32
		{C4A9AFB9-B4A3-4663-97DD-6F8B1E42B884}.Release|x64.ActiveCfg = Release|x64
		{C4A9AFB9-B4A3-4663-97DD-6F8B1E42B884}.Release|x64.Build.0 = Release|x64
		{C4A9AFB9-B4A3-4663-97DD-6F8B1E42B884}.Release|x86.ActiveCfg = Release|Win32
		{C4A9AFB9-B4A3-4663-97DD-6F8B1E42B884}.Release|x86.Build.0 = Release|Win32
		{0D276513-C07A-4C27-B701-76D80252CFD2}.Debug|x64.ActiveCfg = Debug|x64
		{0D276513-C07A-4C27-B701-76D80252CFD2}.Debug|x64.Build.0 = Debug|x64
		{0D276513-C07A-4C27-B701-76D80252CFD2}.Debug|x86.ActiveCfg = Debug|Win32
		{0D276513-C07A-4C27-B701-76D80252CFD2}.Debug|x86.Build.0 = Debug|Win32
		{0D276513-C07A-4C27-B701-76D80252CFD2}.Release|x64.ActiveCfg = Release|x64
		{0D276513-C07A-4C27-B701-76D80252CFD2}.Release|x64.Build.0 = Release|x64
		{0D276513-C07A-4C27-B701-76D80252CFD2}.Release|x86.ActiveCfg = Release|Win32
		{0D276513-C07A-4C27-B701-76D80252CFD2}.Release|x86.Build.0 = Release|Win32
		{124362FA-2022-46CA-8582-77A1490AE249}.Debug|x64.ActiveCfg = Debug|x64
		{124362FA-2022-46CA-8582-77A1490AE249}.Debug|x64.Build.0 = Debug|x64
		{124362FA-2022-46CA-8582-77A1490AE249}.Debug|x86.ActiveCfg = Debug|Win32
		{124362FA-2022-46CA-8582-77A1490AE249}.Debug|x86.Build.0 = Debug|Win32
		{124362FA-2022-46CA-8582-77A1490AE249}.Release|x64.ActiveCfg = Release|x64
		{124362FA-2022-46CA-8582-77A1490AE249}.Release|x64.Build.0 = Release|x64
		{124362FA-2022-46CA-8582-77A1490AE249}.Release|x86.ActiveCfg = Release|Win32
		{124362FA-2022-46CA-8582-77A1490AE249}.Release|x86.Build.0 = Release|Win32
		{4A1311AA-2930-4E2C-A569-AEB5B8A72163}.Debug|x64.ActiveCfg = Debug|x64
		{4A1311AA-2930-4E2C-A569-AEB5B8A72163}.Debug|x64.Build.0 = Debug|x64
		{4A1311AA-2930-4E2C-A569-AEB5B8A72163}.Debug|x86.ActiveCfg = Debug|Win32
		{4A1311AA-2930-4E2C-A569-AEB5B8A72163}.Debug|x86.Build.0 = Debug|Win32
		{4A1311AA-2930-4E2C-A569-AEB5B8A72163}.Release|x64.ActiveCfg = Release|x64
		{4A1311AA-2930-4E2C-A569-AEB5B8A72163}.Release|x64.Build.0 = Release|x64
		{4A1311AA-2930-4E2C-A569-AEB5B8A72163}.Release|x86.ActiveCfg = Release|Win32
		{4A1311AA-2930-4E2C-A569-AEB5B8A72163}.Release|x86.Build.0 = Release|Win32
		{48BC5B5A-1B1A-49A8-951B-C804C9EA1FA8}.Debug|x64.ActiveCfg = Debug|x64
		{48BC5B5A-1B1A-49A8-951B-C804C9EA1FA8}.Debug|x64.Build.0 = Debug|x64
		{48BC5B5A-1B1A-49A8-951B-C804C9EA1FA8}.Debug|x86.ActiveCfg = Debug|Win32
		{48BC5B5A-1B1A-49A8-951B-C804C9EA1FA8}.Debug|x86.Build.0 = Debug|Win32
		{48BC5B5A-1B1A-49A8-951B-C804C9EA1FA8}.Release|x64.ActiveCfg = Release|x64
		{48BC5B5A-1B1A-49A8-951B-C804C9EA1FA8}.Release|x64.Build.0 = Release|x64
		{48BC5B5A-1B1A-49A8-951B-C804C9EA1FA8}.Release|x86.ActiveCfg = Release|Win32
		{48BC5B5A-1B1A-49A8-951B-C804C9EA1FA8}.Release|x86.Build.0 = Release|Win32
	EndGlobalSection
	GlobalSection(SolutionProperties) = preSolution
		HideSolutionNode = FALSE
	EndGlobalSection
	GlobalSection(ExtensibilityGlobals) = postSolution
		SolutionGuid = {B22D0F67-8B45-47F9-9FA6-44703DDE1EF5}
	EndGlobalSection
EndGlobal
